
Microsoft Visual Studio Solution File, Format Version 12.00
# Visual Studio Version 16
VisualStudioVersion = 16.0.30204.135
MinimumVisualStudioVersion = 10.0.40219.1
Project("{FAE04EC0-301F-11D3-BF4B-00C04F79EFBC}") = "00_variables_and_valueTypes", "00_variables_and_valueTypes\00_variables_and_valueTypes.csproj", "{9137AECC-73FB-4AD8-A112-C23721AA44CD}"
EndProject
Project("{FAE04EC0-301F-11D3-BF4B-00C04F79EFBC}") = "01_ReferenceTypes", "01_ReferenceTypes\01_ReferenceTypes.csproj", "{DDB875C3-2CEE-4FCF-A6F2-A13CD9830AB6}"
EndProject
Project("{FAE04EC0-301F-11D3-BF4B-00C04F79EFBC}") = "02_Operators", "02_Operators\02_Operators.csproj", "{F24FA0BE-44D6-487E-BEE5-813D437AD26D}"
EndProject
Project("{FAE04EC0-301F-11D3-BF4B-00C04F79EFBC}") = "03_IfElseStatements", "03_IfElseStatements\03_IfElseStatements.csproj", "{0037B42E-87F2-4E4A-8D86-503B2076D5B2}"
EndProject
Project("{FAE04EC0-301F-11D3-BF4B-00C04F79EFBC}") = "03_SwitchCases", "03_SwitchCases\03_SwitchCases.csproj", "{5B3EFEF3-9317-4BE5-95AE-360B2C684622}"
EndProject
Project("{FAE04EC0-301F-11D3-BF4B-00C04F79EFBC}") = "03_Ternaries", "03_Ternaries\03_Ternaries.csproj", "{65A305CC-3CD6-4D99-814D-C4D7C206584A}"
EndProject
Project("{FAE04EC0-301F-11D3-BF4B-00C04F79EFBC}") = "04_Loops", "04_Loops\04_Loops.csproj", "{2D5BD444-41BF-4969-B68B-D5E0FCB0FEF3}"
EndProject
Project("{FAE04EC0-301F-11D3-BF4B-00C04F79EFBC}") = "05_Methods", "05_Methods\05_Methods.csproj", "{72050249-74D0-4818-A978-077E53A30710}"
EndProject
Project("{FAE04EC0-301F-11D3-BF4B-00C04F79EFBC}") = "05_Practice_Questions", "05_Practice_Questions\05_Practice_Questions.csproj", "{A31989B0-16CA-4F7F-8049-B0CCC43D7044}"
EndProject
Project("{FAE04EC0-301F-11D3-BF4B-00C04F79EFBC}") = "06_Classes", "06_Classes\06_Classes.csproj", "{3EB608EB-8F5F-4CC5-8B9A-43E1AA34B2E2}"
EndProject
Project("{FAE04EC0-301F-11D3-BF4B-00C04F79EFBC}") = "07_RepositoryPattern_.Repository", "07_RepositoryPattern_.Repository\07_RepositoryPattern_.Repository.csproj", "{4EDD75B1-AF2E-49A4-A551-51A362D0BF2F}"
EndProject
Project("{FAE04EC0-301F-11D3-BF4B-00C04F79EFBC}") = "07_RepositoryPattern_.Tests", "07_RepositoryPattern_.Tests\07_RepositoryPattern_.Tests.csproj", "{4C542AEB-2DF6-4206-A7F9-97C2D6E1CB0B}"
EndProject
Project("{FAE04EC0-301F-11D3-BF4B-00C04F79EFBC}") = "08_Inheritance_Classes", "08_Inheritance_Classes\08_Inheritance_Classes.csproj", "{7032DDC8-5FB1-4746-BB96-2EED4D80B935}"
EndProject
Project("{FAE04EC0-301F-11D3-BF4B-00C04F79EFBC}") = "08_Inheritance_Tests", "08_Inheritance_Tests\08_Inheritance_Tests.csproj", "{36876ABA-C362-4200-89FE-AC3E13E2B8DB}"
EndProject
Project("{FAE04EC0-301F-11D3-BF4B-00C04F79EFBC}") = "08_StreamingContent_Inheritance", "08_StreamingContent_Inheritance\08_StreamingContent_Inheritance.csproj", "{60EFF24F-E78C-486E-A9F3-6C76B7E9B47C}"
EndProject
Global
	GlobalSection(SolutionConfigurationPlatforms) = preSolution
		Debug|Any CPU = Debug|Any CPU
		Release|Any CPU = Release|Any CPU
	EndGlobalSection
	GlobalSection(ProjectConfigurationPlatforms) = postSolution
		{9137AECC-73FB-4AD8-A112-C23721AA44CD}.Debug|Any CPU.ActiveCfg = Debug|Any CPU
		{9137AECC-73FB-4AD8-A112-C23721AA44CD}.Debug|Any CPU.Build.0 = Debug|Any CPU
		{9137AECC-73FB-4AD8-A112-C23721AA44CD}.Release|Any CPU.ActiveCfg = Release|Any CPU
		{9137AECC-73FB-4AD8-A112-C23721AA44CD}.Release|Any CPU.Build.0 = Release|Any CPU
		{DDB875C3-2CEE-4FCF-A6F2-A13CD9830AB6}.Debug|Any CPU.ActiveCfg = Debug|Any CPU
		{DDB875C3-2CEE-4FCF-A6F2-A13CD9830AB6}.Debug|Any CPU.Build.0 = Debug|Any CPU
		{DDB875C3-2CEE-4FCF-A6F2-A13CD9830AB6}.Release|Any CPU.ActiveCfg = Release|Any CPU
		{DDB875C3-2CEE-4FCF-A6F2-A13CD9830AB6}.Release|Any CPU.Build.0 = Release|Any CPU
		{F24FA0BE-44D6-487E-BEE5-813D437AD26D}.Debug|Any CPU.ActiveCfg = Debug|Any CPU
		{F24FA0BE-44D6-487E-BEE5-813D437AD26D}.Debug|Any CPU.Build.0 = Debug|Any CPU
		{F24FA0BE-44D6-487E-BEE5-813D437AD26D}.Release|Any CPU.ActiveCfg = Release|Any CPU
		{F24FA0BE-44D6-487E-BEE5-813D437AD26D}.Release|Any CPU.Build.0 = Release|Any CPU
		{0037B42E-87F2-4E4A-8D86-503B2076D5B2}.Debug|Any CPU.ActiveCfg = Debug|Any CPU
		{0037B42E-87F2-4E4A-8D86-503B2076D5B2}.Debug|Any CPU.Build.0 = Debug|Any CPU
		{0037B42E-87F2-4E4A-8D86-503B2076D5B2}.Release|Any CPU.ActiveCfg = Release|Any CPU
		{0037B42E-87F2-4E4A-8D86-503B2076D5B2}.Release|Any CPU.Build.0 = Release|Any CPU
		{5B3EFEF3-9317-4BE5-95AE-360B2C684622}.Debug|Any CPU.ActiveCfg = Debug|Any CPU
		{5B3EFEF3-9317-4BE5-95AE-360B2C684622}.Debug|Any CPU.Build.0 = Debug|Any CPU
		{5B3EFEF3-9317-4BE5-95AE-360B2C684622}.Release|Any CPU.ActiveCfg = Release|Any CPU
		{5B3EFEF3-9317-4BE5-95AE-360B2C684622}.Release|Any CPU.Build.0 = Release|Any CPU
		{65A305CC-3CD6-4D99-814D-C4D7C206584A}.Debug|Any CPU.ActiveCfg = Debug|Any CPU
		{65A305CC-3CD6-4D99-814D-C4D7C206584A}.Debug|Any CPU.Build.0 = Debug|Any CPU
		{65A305CC-3CD6-4D99-814D-C4D7C206584A}.Release|Any CPU.ActiveCfg = Release|Any CPU
		{65A305CC-3CD6-4D99-814D-C4D7C206584A}.Release|Any CPU.Build.0 = Release|Any CPU
		{2D5BD444-41BF-4969-B68B-D5E0FCB0FEF3}.Debug|Any CPU.ActiveCfg = Debug|Any CPU
		{2D5BD444-41BF-4969-B68B-D5E0FCB0FEF3}.Debug|Any CPU.Build.0 = Debug|Any CPU
		{2D5BD444-41BF-4969-B68B-D5E0FCB0FEF3}.Release|Any CPU.ActiveCfg = Release|Any CPU
		{2D5BD444-41BF-4969-B68B-D5E0FCB0FEF3}.Release|Any CPU.Build.0 = Release|Any CPU
		{72050249-74D0-4818-A978-077E53A30710}.Debug|Any CPU.ActiveCfg = Debug|Any CPU
		{72050249-74D0-4818-A978-077E53A30710}.Debug|Any CPU.Build.0 = Debug|Any CPU
		{72050249-74D0-4818-A978-077E53A30710}.Release|Any CPU.ActiveCfg = Release|Any CPU
		{72050249-74D0-4818-A978-077E53A30710}.Release|Any CPU.Build.0 = Release|Any CPU
		{A31989B0-16CA-4F7F-8049-B0CCC43D7044}.Debug|Any CPU.ActiveCfg = Debug|Any CPU
		{A31989B0-16CA-4F7F-8049-B0CCC43D7044}.Debug|Any CPU.Build.0 = Debug|Any CPU
		{A31989B0-16CA-4F7F-8049-B0CCC43D7044}.Release|Any CPU.ActiveCfg = Release|Any CPU
		{A31989B0-16CA-4F7F-8049-B0CCC43D7044}.Release|Any CPU.Build.0 = Release|Any CPU
		{3EB608EB-8F5F-4CC5-8B9A-43E1AA34B2E2}.Debug|Any CPU.ActiveCfg = Debug|Any CPU
		{3EB608EB-8F5F-4CC5-8B9A-43E1AA34B2E2}.Debug|Any CPU.Build.0 = Debug|Any CPU
		{3EB608EB-8F5F-4CC5-8B9A-43E1AA34B2E2}.Release|Any CPU.ActiveCfg = Release|Any CPU
		{3EB608EB-8F5F-4CC5-8B9A-43E1AA34B2E2}.Release|Any CPU.Build.0 = Release|Any CPU
		{4EDD75B1-AF2E-49A4-A551-51A362D0BF2F}.Debug|Any CPU.ActiveCfg = Debug|Any CPU
		{4EDD75B1-AF2E-49A4-A551-51A362D0BF2F}.Debug|Any CPU.Build.0 = Debug|Any CPU
		{4EDD75B1-AF2E-49A4-A551-51A362D0BF2F}.Release|Any CPU.ActiveCfg = Release|Any CPU
		{4EDD75B1-AF2E-49A4-A551-51A362D0BF2F}.Release|Any CPU.Build.0 = Release|Any CPU
		{4C542AEB-2DF6-4206-A7F9-97C2D6E1CB0B}.Debug|Any CPU.ActiveCfg = Debug|Any CPU
		{4C542AEB-2DF6-4206-A7F9-97C2D6E1CB0B}.Debug|Any CPU.Build.0 = Debug|Any CPU
		{4C542AEB-2DF6-4206-A7F9-97C2D6E1CB0B}.Release|Any CPU.ActiveCfg = Release|Any CPU
		{4C542AEB-2DF6-4206-A7F9-97C2D6E1CB0B}.Release|Any CPU.Build.0 = Release|Any CPU
		{7032DDC8-5FB1-4746-BB96-2EED4D80B935}.Debug|Any CPU.ActiveCfg = Debug|Any CPU
		{7032DDC8-5FB1-4746-BB96-2EED4D80B935}.Debug|Any CPU.Build.0 = Debug|Any CPU
		{7032DDC8-5FB1-4746-BB96-2EED4D80B935}.Release|Any CPU.ActiveCfg = Release|Any CPU
		{7032DDC8-5FB1-4746-BB96-2EED4D80B935}.Release|Any CPU.Build.0 = Release|Any CPU
		{36876ABA-C362-4200-89FE-AC3E13E2B8DB}.Debug|Any CPU.ActiveCfg = Debug|Any CPU
		{36876ABA-C362-4200-89FE-AC3E13E2B8DB}.Debug|Any CPU.Build.0 = Debug|Any CPU
		{36876ABA-C362-4200-89FE-AC3E13E2B8DB}.Release|Any CPU.ActiveCfg = Release|Any CPU
		{36876ABA-C362-4200-89FE-AC3E13E2B8DB}.Release|Any CPU.Build.0 = Release|Any CPU
		{60EFF24F-E78C-486E-A9F3-6C76B7E9B47C}.Debug|Any CPU.ActiveCfg = Debug|Any CPU
		{60EFF24F-E78C-486E-A9F3-6C76B7E9B47C}.Debug|Any CPU.Build.0 = Debug|Any CPU
		{60EFF24F-E78C-486E-A9F3-6C76B7E9B47C}.Release|Any CPU.ActiveCfg = Release|Any CPU
		{60EFF24F-E78C-486E-A9F3-6C76B7E9B47C}.Release|Any CPU.Build.0 = Release|Any CPU
	EndGlobalSection
	GlobalSection(SolutionProperties) = preSolution
		HideSolutionNode = FALSE
	EndGlobalSection
	GlobalSection(ExtensibilityGlobals) = postSolution
		SolutionGuid = {16CD69BB-D91E-4699-9728-85DAD16E4E20}
	EndGlobalSection
EndGlobal
